// !$*UTF8*$!
{
	archiveVersion = 1;
	classes = {
	};
	objectVersion = 55;
	objects = {

/* Begin PBXBuildFile section */
		C24ABF5A282C142400FD364F /* NavView.swift in Sources */ = {isa = PBXBuildFile; fileRef = C24ABF59282C142400FD364F /* NavView.swift */; };
		C24C4F93282BB0F900FB9C1B /* VKSwiftUI_1_0App.swift in Sources */ = {isa = PBXBuildFile; fileRef = C24C4F92282BB0F900FB9C1B /* VKSwiftUI_1_0App.swift */; };
		C24C4F97282BB0FA00FB9C1B /* Assets.xcassets in Resources */ = {isa = PBXBuildFile; fileRef = C24C4F96282BB0FA00FB9C1B /* Assets.xcassets */; };
		C24C4F9A282BB0FA00FB9C1B /* Preview Assets.xcassets in Resources */ = {isa = PBXBuildFile; fileRef = C24C4F99282BB0FA00FB9C1B /* Preview Assets.xcassets */; };
		C24C4FA4282BB16000FB9C1B /* LoginView.swift in Sources */ = {isa = PBXBuildFile; fileRef = C24C4FA3282BB16000FB9C1B /* LoginView.swift */; };
		C24C4FA6282BB17C00FB9C1B /* FriendsView.swift in Sources */ = {isa = PBXBuildFile; fileRef = C24C4FA5282BB17C00FB9C1B /* FriendsView.swift */; };
		C24C4FA8282BB18E00FB9C1B /* FriendDetailView.swift in Sources */ = {isa = PBXBuildFile; fileRef = C24C4FA7282BB18E00FB9C1B /* FriendDetailView.swift */; };
		C24C4FAA282BB22800FB9C1B /* GroupsView.swift in Sources */ = {isa = PBXBuildFile; fileRef = C24C4FA9282BB22800FB9C1B /* GroupsView.swift */; };
		C24C4FAC282BB23600FB9C1B /* NewsView.swift in Sources */ = {isa = PBXBuildFile; fileRef = C24C4FAB282BB23600FB9C1B /* NewsView.swift */; };
		C24C4FAE282BB24800FB9C1B /* WebView.swift in Sources */ = {isa = PBXBuildFile; fileRef = C24C4FAD282BB24800FB9C1B /* WebView.swift */; };
		C24C4FB0282BB25D00FB9C1B /* FriendModel.swift in Sources */ = {isa = PBXBuildFile; fileRef = C24C4FAF282BB25D00FB9C1B /* FriendModel.swift */; };
		C24C4FB2282BB26C00FB9C1B /* GroupModel.swift in Sources */ = {isa = PBXBuildFile; fileRef = C24C4FB1282BB26C00FB9C1B /* GroupModel.swift */; };
		C24C4FB4282BB27900FB9C1B /* NewsModel.swift in Sources */ = {isa = PBXBuildFile; fileRef = C24C4FB3282BB27900FB9C1B /* NewsModel.swift */; };
		C24C4FB6282BB2CD00FB9C1B /* AuthSession.swift in Sources */ = {isa = PBXBuildFile; fileRef = C24C4FB5282BB2CD00FB9C1B /* AuthSession.swift */; };
		C24C4FB8282BB2F000FB9C1B /* APIRequest.swift in Sources */ = {isa = PBXBuildFile; fileRef = C24C4FB7282BB2F000FB9C1B /* APIRequest.swift */; };
		C24C4FBB282BC8EB00FB9C1B /* CircleAvatar.swift in Sources */ = {isa = PBXBuildFile; fileRef = C24C4FBA282BC8EB00FB9C1B /* CircleAvatar.swift */; };
		C24C4FBE282BD5F800FB9C1B /* TabBarView.swift in Sources */ = {isa = PBXBuildFile; fileRef = C24C4FBD282BD5F800FB9C1B /* TabBarView.swift */; };
/* End PBXBuildFile section */

/* Begin PBXFileReference section */
		C24ABF59282C142400FD364F /* NavView.swift */ = {isa = PBXFileReference; lastKnownFileType = sourcecode.swift; path = NavView.swift; sourceTree = "<group>"; };
		C24C4F8F282BB0F900FB9C1B /* VKSwiftUI_1.0.app */ = {isa = PBXFileReference; explicitFileType = wrapper.application; includeInIndex = 0; path = VKSwiftUI_1.0.app; sourceTree = BUILT_PRODUCTS_DIR; };
		C24C4F92282BB0F900FB9C1B /* VKSwiftUI_1_0App.swift */ = {isa = PBXFileReference; lastKnownFileType = sourcecode.swift; path = VKSwiftUI_1_0App.swift; sourceTree = "<group>"; };
		C24C4F96282BB0FA00FB9C1B /* Assets.xcassets */ = {isa = PBXFileReference; lastKnownFileType = folder.assetcatalog; path = Assets.xcassets; sourceTree = "<group>"; };
		C24C4F99282BB0FA00FB9C1B /* Preview Assets.xcassets */ = {isa = PBXFileReference; lastKnownFileType = folder.assetcatalog; path = "Preview Assets.xcassets"; sourceTree = "<group>"; };
		C24C4FA3282BB16000FB9C1B /* LoginView.swift */ = {isa = PBXFileReference; lastKnownFileType = sourcecode.swift; path = LoginView.swift; sourceTree = "<group>"; };
		C24C4FA5282BB17C00FB9C1B /* FriendsView.swift */ = {isa = PBXFileReference; lastKnownFileType = sourcecode.swift; path = FriendsView.swift; sourceTree = "<group>"; };
		C24C4FA7282BB18E00FB9C1B /* FriendDetailView.swift */ = {isa = PBXFileReference; lastKnownFileType = sourcecode.swift; path = FriendDetailView.swift; sourceTree = "<group>"; };
		C24C4FA9282BB22800FB9C1B /* GroupsView.swift */ = {isa = PBXFileReference; lastKnownFileType = sourcecode.swift; path = GroupsView.swift; sourceTree = "<group>"; };
		C24C4FAB282BB23600FB9C1B /* NewsView.swift */ = {isa = PBXFileReference; lastKnownFileType = sourcecode.swift; path = NewsView.swift; sourceTree = "<group>"; };
		C24C4FAD282BB24800FB9C1B /* WebView.swift */ = {isa = PBXFileReference; lastKnownFileType = sourcecode.swift; path = WebView.swift; sourceTree = "<group>"; };
		C24C4FAF282BB25D00FB9C1B /* FriendModel.swift */ = {isa = PBXFileReference; lastKnownFileType = sourcecode.swift; path = FriendModel.swift; sourceTree = "<group>"; };
		C24C4FB1282BB26C00FB9C1B /* GroupModel.swift */ = {isa = PBXFileReference; lastKnownFileType = sourcecode.swift; path = GroupModel.swift; sourceTree = "<group>"; };
		C24C4FB3282BB27900FB9C1B /* NewsModel.swift */ = {isa = PBXFileReference; lastKnownFileType = sourcecode.swift; path = NewsModel.swift; sourceTree = "<group>"; };
		C24C4FB5282BB2CD00FB9C1B /* AuthSession.swift */ = {isa = PBXFileReference; lastKnownFileType = sourcecode.swift; path = AuthSession.swift; sourceTree = "<group>"; };
		C24C4FB7282BB2F000FB9C1B /* APIRequest.swift */ = {isa = PBXFileReference; lastKnownFileType = sourcecode.swift; path = APIRequest.swift; sourceTree = "<group>"; };
		C24C4FBA282BC8EB00FB9C1B /* CircleAvatar.swift */ = {isa = PBXFileReference; lastKnownFileType = sourcecode.swift; path = CircleAvatar.swift; sourceTree = "<group>"; };
		C24C4FBD282BD5F800FB9C1B /* TabBarView.swift */ = {isa = PBXFileReference; lastKnownFileType = sourcecode.swift; path = TabBarView.swift; sourceTree = "<group>"; };
/* End PBXFileReference section */

/* Begin PBXFrameworksBuildPhase section */
		C24C4F8C282BB0F900FB9C1B /* Frameworks */ = {
			isa = PBXFrameworksBuildPhase;
			buildActionMask = 2147483647;
			files = (
			);
			runOnlyForDeploymentPostprocessing = 0;
		};
/* End PBXFrameworksBuildPhase section */

/* Begin PBXGroup section */
		C24C4F86282BB0F900FB9C1B = {
			isa = PBXGroup;
			children = (
				C24C4F91282BB0F900FB9C1B /* VKSwiftUI_1.0 */,
				C24C4F90282BB0F900FB9C1B /* Products */,
			);
			sourceTree = "<group>";
		};
		C24C4F90282BB0F900FB9C1B /* Products */ = {
			isa = PBXGroup;
			children = (
				C24C4F8F282BB0F900FB9C1B /* VKSwiftUI_1.0.app */,
			);
			name = Products;
			sourceTree = "<group>";
		};
		C24C4F91282BB0F900FB9C1B /* VKSwiftUI_1.0 */ = {
			isa = PBXGroup;
			children = (
				C24C4F92282BB0F900FB9C1B /* VKSwiftUI_1_0App.swift */,
				C24C4FA2282BB14500FB9C1B /* API */,
				C24C4FA1282BB12900FB9C1B /* Models */,
				C24C4FA0282BB11F00FB9C1B /* Views */,
				C24C4FB9282BC27C00FB9C1B /* ViewModifiers */,
				C24C4F96282BB0FA00FB9C1B /* Assets.xcassets */,
				C24C4F98282BB0FA00FB9C1B /* Preview Content */,
			);
			path = VKSwiftUI_1.0;
			sourceTree = "<group>";
		};
		C24C4F98282BB0FA00FB9C1B /* Preview Content */ = {
			isa = PBXGroup;
			children = (
				C24C4F99282BB0FA00FB9C1B /* Preview Assets.xcassets */,
			);
			path = "Preview Content";
			sourceTree = "<group>";
		};
		C24C4FA0282BB11F00FB9C1B /* Views */ = {
			isa = PBXGroup;
			children = (
				C24C4FA3282BB16000FB9C1B /* LoginView.swift */,
				C24C4FA5282BB17C00FB9C1B /* FriendsView.swift */,
				C24C4FA7282BB18E00FB9C1B /* FriendDetailView.swift */,
				C24C4FA9282BB22800FB9C1B /* GroupsView.swift */,
				C24C4FAB282BB23600FB9C1B /* NewsView.swift */,
				C24C4FAD282BB24800FB9C1B /* WebView.swift */,
				C24C4FBD282BD5F800FB9C1B /* TabBarView.swift */,
			);
			path = Views;
			sourceTree = "<group>";
		};
		C24C4FA1282BB12900FB9C1B /* Models */ = {
			isa = PBXGroup;
			children = (
				C24C4FAF282BB25D00FB9C1B /* FriendModel.swift */,
				C24C4FB1282BB26C00FB9C1B /* GroupModel.swift */,
				C24C4FB3282BB27900FB9C1B /* NewsModel.swift */,
			);
			path = Models;
			sourceTree = "<group>";
		};
		C24C4FA2282BB14500FB9C1B /* API */ = {
			isa = PBXGroup;
			children = (
				C24C4FB5282BB2CD00FB9C1B /* AuthSession.swift */,
				C24C4FB7282BB2F000FB9C1B /* APIRequest.swift */,
				C24ABF59282C142400FD364F /* NavView.swift */,
			);
			path = API;
			sourceTree = "<group>";
		};
		C24C4FB9282BC27C00FB9C1B /* ViewModifiers */ = {
			isa = PBXGroup;
			children = (
				C24C4FBA282BC8EB00FB9C1B /* CircleAvatar.swift */,
			);
			path = ViewModifiers;
			sourceTree = "<group>";
		};
/* End PBXGroup section */

/* Begin PBXNativeTarget section */
		C24C4F8E282BB0F900FB9C1B /* VKSwiftUI_1.0 */ = {
			isa = PBXNativeTarget;
			buildConfigurationList = C24C4F9D282BB0FA00FB9C1B /* Build configuration list for PBXNativeTarget "VKSwiftUI_1.0" */;
			buildPhases = (
				C24C4F8B282BB0F900FB9C1B /* Sources */,
				C24C4F8C282BB0F900FB9C1B /* Frameworks */,
				C24C4F8D282BB0F900FB9C1B /* Resources */,
			);
			buildRules = (
			);
			dependencies = (
			);
			name = VKSwiftUI_1.0;
			productName = VKSwiftUI_1.0;
			productReference = C24C4F8F282BB0F900FB9C1B /* VKSwiftUI_1.0.app */;
			productType = "com.apple.product-type.application";
		};
/* End PBXNativeTarget section */

/* Begin PBXProject section */
		C24C4F87282BB0F900FB9C1B /* Project object */ = {
			isa = PBXProject;
			attributes = {
				BuildIndependentTargetsInParallel = 1;
				LastSwiftUpdateCheck = 1330;
				LastUpgradeCheck = 1330;
				TargetAttributes = {
					C24C4F8E282BB0F900FB9C1B = {
						CreatedOnToolsVersion = 13.3.1;
					};
				};
			};
			buildConfigurationList = C24C4F8A282BB0F900FB9C1B /* Build configuration list for PBXProject "VKSwiftUI_1.0" */;
			compatibilityVersion = "Xcode 13.0";
			developmentRegion = en;
			hasScannedForEncodings = 0;
			knownRegions = (
				en,
				Base,
			);
			mainGroup = C24C4F86282BB0F900FB9C1B;
			productRefGroup = C24C4F90282BB0F900FB9C1B /* Products */;
			projectDirPath = "";
			projectRoot = "";
			targets = (
				C24C4F8E282BB0F900FB9C1B /* VKSwiftUI_1.0 */,
			);
		};
/* End PBXProject section */

/* Begin PBXResourcesBuildPhase section */
		C24C4F8D282BB0F900FB9C1B /* Resources */ = {
			isa = PBXResourcesBuildPhase;
			buildActionMask = 2147483647;
			files = (
				C24C4F9A282BB0FA00FB9C1B /* Preview Assets.xcassets in Resources */,
				C24C4F97282BB0FA00FB9C1B /* Assets.xcassets in Resources */,
			);
			runOnlyForDeploymentPostprocessing = 0;
		};
/* End PBXResourcesBuildPhase section */

/* Begin PBXSourcesBuildPhase section */
		C24C4F8B282BB0F900FB9C1B /* Sources */ = {
			isa = PBXSourcesBuildPhase;
			buildActionMask = 2147483647;
			files = (
				C24C4FAA282BB22800FB9C1B /* GroupsView.swift in Sources */,
				C24C4FB2282BB26C00FB9C1B /* GroupModel.swift in Sources */,
				C24C4FBE282BD5F800FB9C1B /* TabBarView.swift in Sources */,
				C24ABF5A282C142400FD364F /* NavView.swift in Sources */,
				C24C4FB8282BB2F000FB9C1B /* APIRequest.swift in Sources */,
				C24C4FAE282BB24800FB9C1B /* WebView.swift in Sources */,
				C24C4FA8282BB18E00FB9C1B /* FriendDetailView.swift in Sources */,
				C24C4FA4282BB16000FB9C1B /* LoginView.swift in Sources */,
				C24C4FBB282BC8EB00FB9C1B /* CircleAvatar.swift in Sources */,
				C24C4FB0282BB25D00FB9C1B /* FriendModel.swift in Sources */,
				C24C4FB4282BB27900FB9C1B /* NewsModel.swift in Sources */,
				C24C4FAC282BB23600FB9C1B /* NewsView.swift in Sources */,
				C24C4FA6282BB17C00FB9C1B /* FriendsView.swift in Sources */,
				C24C4FB6282BB2CD00FB9C1B /* AuthSession.swift in Sources */,
				C24C4F93282BB0F900FB9C1B /* VKSwiftUI_1_0App.swift in Sources */,
			);
			runOnlyForDeploymentPostprocessing = 0;
		};
/* End PBXSourcesBuildPhase section */

/* Begin XCBuildConfiguration section */
		C24C4F9B282BB0FA00FB9C1B /* Debug */ = {
			isa = XCBuildConfiguration;
			buildSettings = {
				ALWAYS_SEARCH_USER_PATHS = NO;
				CLANG_ANALYZER_NONNULL = YES;
				CLANG_ANALYZER_NUMBER_OBJECT_CONVERSION = YES_AGGRESSIVE;
				CLANG_CXX_LANGUAGE_STANDARD = "gnu++17";
				CLANG_ENABLE_MODULES = YES;
				CLANG_ENABLE_OBJC_ARC = YES;
				CLANG_ENABLE_OBJC_WEAK = YES;
				CLANG_WARN_BLOCK_CAPTURE_AUTORELEASING = YES;
				CLANG_WARN_BOOL_CONVERSION = YES;
				CLANG_WARN_COMMA = YES;
				CLANG_WARN_CONSTANT_CONVERSION = YES;
				CLANG_WARN_DEPRECATED_OBJC_IMPLEMENTATIONS = YES;
				CLANG_WARN_DIRECT_OBJC_ISA_USAGE = YES_ERROR;
				CLANG_WARN_DOCUMENTATION_COMMENTS = YES;
				CLANG_WARN_EMPTY_BODY = YES;
				CLANG_WARN_ENUM_CONVERSION = YES;
				CLANG_WARN_INFINITE_RECURSION = YES;
				CLANG_WARN_INT_CONVERSION = YES;
				CLANG_WARN_NON_LITERAL_NULL_CONVERSION = YES;
				CLANG_WARN_OBJC_IMPLICIT_RETAIN_SELF = YES;
				CLANG_WARN_OBJC_LITERAL_CONVERSION = YES;
				CLANG_WARN_OBJC_ROOT_CLASS = YES_ERROR;
				CLANG_WARN_QUOTED_INCLUDE_IN_FRAMEWORK_HEADER = YES;
				CLANG_WARN_RANGE_LOOP_ANALYSIS = YES;
				CLANG_WARN_STRICT_PROTOTYPES = YES;
				CLANG_WARN_SUSPICIOUS_MOVE = YES;
				CLANG_WARN_UNGUARDED_AVAILABILITY = YES_AGGRESSIVE;
				CLANG_WARN_UNREACHABLE_CODE = YES;
				CLANG_WARN__DUPLICATE_METHOD_MATCH = YES;
				COPY_PHASE_STRIP = NO;
				DEBUG_INFORMATION_FORMAT = dwarf;
				ENABLE_STRICT_OBJC_MSGSEND = YES;
				ENABLE_TESTABILITY = YES;
				GCC_C_LANGUAGE_STANDARD = gnu11;
				GCC_DYNAMIC_NO_PIC = NO;
				GCC_NO_COMMON_BLOCKS = YES;
				GCC_OPTIMIZATION_LEVEL = 0;
				GCC_PREPROCESSOR_DEFINITIONS = (
					"DEBUG=1",
					"$(inherited)",
				);
				GCC_WARN_64_TO_32_BIT_CONVERSION = YES;
				GCC_WARN_ABOUT_RETURN_TYPE = YES_ERROR;
				GCC_WARN_UNDECLARED_SELECTOR = YES;
				GCC_WARN_UNINITIALIZED_AUTOS = YES_AGGRESSIVE;
				GCC_WARN_UNUSED_FUNCTION = YES;
				GCC_WARN_UNUSED_VARIABLE = YES;
				IPHONEOS_DEPLOYMENT_TARGET = 15.4;
				MTL_ENABLE_DEBUG_INFO = INCLUDE_SOURCE;
				MTL_FAST_MATH = YES;
				ONLY_ACTIVE_ARCH = YES;
				SDKROOT = iphoneos;
				SWIFT_ACTIVE_COMPILATION_CONDITIONS = DEBUG;
				SWIFT_OPTIMIZATION_LEVEL = "-Onone";
			};
			name = Debug;
		};
		C24C4F9C282BB0FA00FB9C1B /* Release */ = {
			isa = XCBuildConfiguration;
			buildSettings = {
				ALWAYS_SEARCH_USER_PATHS = NO;
				CLANG_ANALYZER_NONNULL = YES;
				CLANG_ANALYZER_NUMBER_OBJECT_CONVERSION = YES_AGGRESSIVE;
				CLANG_CXX_LANGUAGE_STANDARD = "gnu++17";
				CLANG_ENABLE_MODULES = YES;
				CLANG_ENABLE_OBJC_ARC = YES;
				CLANG_ENABLE_OBJC_WEAK = YES;
				CLANG_WARN_BLOCK_CAPTURE_AUTORELEASING = YES;
				CLANG_WARN_BOOL_CONVERSION = YES;
				CLANG_WARN_COMMA = YES;
				CLANG_WARN_CONSTANT_CONVERSION = YES;
				CLANG_WARN_DEPRECATED_OBJC_IMPLEMENTATIONS = YES;
				CLANG_WARN_DIRECT_OBJC_ISA_USAGE = YES_ERROR;
				CLANG_WARN_DOCUMENTATION_COMMENTS = YES;
				CLANG_WARN_EMPTY_BODY = YES;
				CLANG_WARN_ENUM_CONVERSION = YES;
				CLANG_WARN_INFINITE_RECURSION = YES;
				CLANG_WARN_INT_CONVERSION = YES;
				CLANG_WARN_NON_LITERAL_NULL_CONVERSION = YES;
				CLANG_WARN_OBJC_IMPLICIT_RETAIN_SELF = YES;
				CLANG_WARN_OBJC_LITERAL_CONVERSION = YES;
				CLANG_WARN_OBJC_ROOT_CLASS = YES_ERROR;
				CLANG_WARN_QUOTED_INCLUDE_IN_FRAMEWORK_HEADER = YES;
				CLANG_WARN_RANGE_LOOP_ANALYSIS = YES;
				CLANG_WARN_STRICT_PROTOTYPES = YES;
				CLANG_WARN_SUSPICIOUS_MOVE = YES;
				CLANG_WARN_UNGUARDED_AVAILABILITY = YES_AGGRESSIVE;
				CLANG_WARN_UNREACHABLE_CODE = YES;
				CLANG_WARN__DUPLICATE_METHOD_MATCH = YES;
				COPY_PHASE_STRIP = NO;
				DEBUG_INFORMATION_FORMAT = "dwarf-with-dsym";
				ENABLE_NS_ASSERTIONS = NO;
				ENABLE_STRICT_OBJC_MSGSEND = YES;
				GCC_C_LANGUAGE_STANDARD = gnu11;
				GCC_NO_COMMON_BLOCKS = YES;
				GCC_WARN_64_TO_32_BIT_CONVERSION = YES;
				GCC_WARN_ABOUT_RETURN_TYPE = YES_ERROR;
				GCC_WARN_UNDECLARED_SELECTOR = YES;
				GCC_WARN_UNINITIALIZED_AUTOS = YES_AGGRESSIVE;
				GCC_WARN_UNUSED_FUNCTION = YES;
				GCC_WARN_UNUSED_VARIABLE = YES;
				IPHONEOS_DEPLOYMENT_TARGET = 15.4;
				MTL_ENABLE_DEBUG_INFO = NO;
				MTL_FAST_MATH = YES;
				SDKROOT = iphoneos;
				SWIFT_COMPILATION_MODE = wholemodule;
				SWIFT_OPTIMIZATION_LEVEL = "-O";
				VALIDATE_PRODUCT = YES;
			};
			name = Release;
		};
		C24C4F9E282BB0FA00FB9C1B /* Debug */ = {
			isa = XCBuildConfiguration;
			buildSettings = {
				ASSETCATALOG_COMPILER_APPICON_NAME = AppIcon;
				ASSETCATALOG_COMPILER_GLOBAL_ACCENT_COLOR_NAME = AccentColor;
				CODE_SIGN_STYLE = Automatic;
				CURRENT_PROJECT_VERSION = 1;
				DEVELOPMENT_ASSET_PATHS = "\"VKSwiftUI_1.0/Preview Content\"";
				DEVELOPMENT_TEAM = C3M56A453W;
				ENABLE_PREVIEWS = YES;
				GENERATE_INFOPLIST_FILE = YES;
				INFOPLIST_KEY_UIApplicationSceneManifest_Generation = YES;
				INFOPLIST_KEY_UIApplicationSupportsIndirectInputEvents = YES;
				INFOPLIST_KEY_UILaunchScreen_Generation = YES;
				INFOPLIST_KEY_UISupportedInterfaceOrientations_iPad = "UIInterfaceOrientationPortrait UIInterfaceOrientationPortraitUpsideDown UIInterfaceOrientationLandscapeLeft UIInterfaceOrientationLandscapeRight";
				INFOPLIST_KEY_UISupportedInterfaceOrientations_iPhone = "UIInterfaceOrientationPortrait UIInterfaceOrientationLandscapeLeft UIInterfaceOrientationLandscapeRight";
				LD_RUNPATH_SEARCH_PATHS = (
					"$(inherited)",
					"@executable_path/Frameworks",
				);
				MARKETING_VERSION = 1.0;
				PRODUCT_BUNDLE_IDENTIFIER = "online.swampios.VKSwiftUI-1-0";
				PRODUCT_NAME = "$(TARGET_NAME)";
				SWIFT_EMIT_LOC_STRINGS = YES;
				SWIFT_VERSION = 5.0;
				TARGETED_DEVICE_FAMILY = "1,2";
			};
			name = Debug;
		};
		C24C4F9F282BB0FA00FB9C1B /* Release */ = {
			isa = XCBuildConfiguration;
			buildSettings = {
				ASSETCATALOG_COMPILER_APPICON_NAME = AppIcon;
				ASSETCATALOG_COMPILER_GLOBAL_ACCENT_COLOR_NAME = AccentColor;
				CODE_SIGN_STYLE = Automatic;
				CURRENT_PROJECT_VERSION = 1;
				DEVELOPMENT_ASSET_PATHS = "\"VKSwiftUI_1.0/Preview Content\"";
				DEVELOPMENT_TEAM = C3M56A453W;
				ENABLE_PREVIEWS = YES;
				GENERATE_INFOPLIST_FILE = YES;
				INFOPLIST_KEY_UIApplicationSceneManifest_Generation = YES;
				INFOPLIST_KEY_UIApplicationSupportsIndirectInputEvents = YES;
				INFOPLIST_KEY_UILaunchScreen_Generation = YES;
				INFOPLIST_KEY_UISupportedInterfaceOrientations_iPad = "UIInterfaceOrientationPortrait UIInterfaceOrientationPortraitUpsideDown UIInterfaceOrientationLandscapeLeft UIInterfaceOrientationLandscapeRight";
				INFOPLIST_KEY_UISupportedInterfaceOrientations_iPhone = "UIInterfaceOrientationPortrait UIInterfaceOrientationLandscapeLeft UIInterfaceOrientationLandscapeRight";
				LD_RUNPATH_SEARCH_PATHS = (
					"$(inherited)",
					"@executable_path/Frameworks",
				);
				MARKETING_VERSION = 1.0;
				PRODUCT_BUNDLE_IDENTIFIER = "online.swampios.VKSwiftUI-1-0";
				PRODUCT_NAME = "$(TARGET_NAME)";
				SWIFT_EMIT_LOC_STRINGS = YES;
				SWIFT_VERSION = 5.0;
				TARGETED_DEVICE_FAMILY = "1,2";
			};
			name = Release;
		};
/* End XCBuildConfiguration section */

/* Begin XCConfigurationList section */
		C24C4F8A282BB0F900FB9C1B /* Build configuration list for PBXProject "VKSwiftUI_1.0" */ = {
			isa = XCConfigurationList;
			buildConfigurations = (
				C24C4F9B282BB0FA00FB9C1B /* Debug */,
				C24C4F9C282BB0FA00FB9C1B /* Release */,
			);
			defaultConfigurationIsVisible = 0;
			defaultConfigurationName = Release;
		};
		C24C4F9D282BB0FA00FB9C1B /* Build configuration list for PBXNativeTarget "VKSwiftUI_1.0" */ = {
			isa = XCConfigurationList;
			buildConfigurations = (
				C24C4F9E282BB0FA00FB9C1B /* Debug */,
				C24C4F9F282BB0FA00FB9C1B /* Release */,
			);
			defaultConfigurationIsVisible = 0;
			defaultConfigurationName = Release;
		};
/* End XCConfigurationList section */
	};
	rootObject = C24C4F87282BB0F900FB9C1B /* Project object */;
}
